
Microsoft Visual Studio Solution File, Format Version 12.00
# Visual Studio Version 18
VisualStudioVersion = 18.1.11312.151 d18.0
MinimumVisualStudioVersion = 10.0.40219.1
Project("{FAE04EC0-301F-11D3-BF4B-00C04F79EFBC}") = "RefugioSocialAPI", "RefugioSocialAPI.csproj", "{52C842E1-D0E1-283E-74C7-DE41FCBE944B}"
EndProject
Global
	GlobalSection(SolutionConfigurationPlatforms) = preSolution
		Debug|Any CPU = Debug|Any CPU
		Release|Any CPU = Release|Any CPU
	EndGlobalSection
	GlobalSection(ProjectConfigurationPlatforms) = postSolution
		{52C842E1-D0E1-283E-74C7-DE41FCBE944B}.Debug|Any CPU.ActiveCfg = Debug|Any CPU
		{52C842E1-D0E1-283E-74C7-DE41FCBE944B}.Debug|Any CPU.Build.0 = Debug|Any CPU
		{52C842E1-D0E1-283E-74C7-DE41FCBE944B}.Release|Any CPU.ActiveCfg = Release|Any CPU
		{52C842E1-D0E1-283E-74C7-DE41FCBE944B}.Release|Any CPU.Build.0 = Release|Any CPU
	EndGlobalSection
	GlobalSection(SolutionProperties) = preSolution
		HideSolutionNode = FALSE
	EndGlobalSection
	GlobalSection(ExtensibilityGlobals) = postSolution
		SolutionGuid = {2488AA4E-A9D8-4CBD-884E-92AC79A626F2}
	EndGlobalSection
EndGlobal
